
Microsoft Visual Studio Solution File, Format Version 12.00
# Visual Studio 15
VisualStudioVersion = 15.0.28010.2003
MinimumVisualStudioVersion = 10.0.40219.1
Project("{9A19103F-16F7-4668-BE54-9A1E7A4F7556}") = "WebApp.Web", "src\WebApp.Web\WebApp.Web.csproj", "{525E317D-7F7B-44A6-921C-E36D194E656C}"
EndProject
Project("{9A19103F-16F7-4668-BE54-9A1E7A4F7556}") = "WebApp.Repositories.EntityFramework", "src\WebApp.Repositories.EntityFramework\WebApp.Repositories.EntityFramework.csproj", "{CBCBFD4F-44C3-4253-A8CF-2445EDEFBC8A}"
EndProject
Project("{9A19103F-16F7-4668-BE54-9A1E7A4F7556}") = "WebApp.Domain", "src\WebApp.Domain\WebApp.Domain.csproj", "{50406A32-5E82-4AF0-A562-0C9B32464A12}"
EndProject
Project("{9A19103F-16F7-4668-BE54-9A1E7A4F7556}") = "WebApp.Mapping", "src\WebApp.Mapping\WebApp.Mapping.csproj", "{72C3F51E-FD9F-46D4-BDF4-39A922B31092}"
EndProject
Project("{9A19103F-16F7-4668-BE54-9A1E7A4F7556}") = "WebApp.Mapping.AutoMapper", "src\WebApp.Mapping.AutoMapper\WebApp.Mapping.AutoMapper.csproj", "{D55CEFFA-ACD0-4046-8EC7-0A8BA4FA90D7}"
EndProject
Project("{9A19103F-16F7-4668-BE54-9A1E7A4F7556}") = "WebApp.Repositories", "src\WebApp.Repositories\WebApp.Repositories.csproj", "{00038AB1-0901-4CED-A5BC-DA05BA0B56C0}"
EndProject
Project("{9A19103F-16F7-4668-BE54-9A1E7A4F7556}") = "WebApp.Dto", "src\WebApp.Dto\WebApp.Dto.csproj", "{69210EAD-726F-4E69-82F1-6EBF70B10B0C}"
EndProject
Project("{2150E333-8FDC-42A3-9474-1A3956D46DE8}") = "00_Persistence", "00_Persistence", "{B151678C-B288-4C22-A85E-62924709CEE8}"
EndProject
Project("{2150E333-8FDC-42A3-9474-1A3956D46DE8}") = "01_Domain", "01_Domain", "{9B51CC1B-5504-4DF7-AC43-D54CC99A8DA4}"
EndProject
Project("{2150E333-8FDC-42A3-9474-1A3956D46DE8}") = "02_Application", "02_Application", "{D57DB274-9BC4-4D5E-8DEC-A1F83E122B71}"
EndProject
Project("{2150E333-8FDC-42A3-9474-1A3956D46DE8}") = "03_Presensation", "03_Presensation", "{33C853DA-20F7-4700-AD78-0982534F755A}"
EndProject
Project("{9A19103F-16F7-4668-BE54-9A1E7A4F7556}") = "WebApp.Storage", "src\WebApp.Storage\WebApp.Storage.csproj", "{3A284E63-A6D5-4564-8253-7819680EDD46}"
EndProject
Project("{9A19103F-16F7-4668-BE54-9A1E7A4F7556}") = "WebApp.Storage.Cloudinary", "src\WebApp.Storage.Cloudinary\WebApp.Storage.Cloudinary.csproj", "{D39A21D0-8C8E-4FAA-B623-D1C42A3939D2}"
EndProject
Project("{9A19103F-16F7-4668-BE54-9A1E7A4F7556}") = "WebApp.Services", "src\WebApp.Services\WebApp.Services.csproj", "{BB03F2B7-4830-4EEB-ACE4-0FD3A6E993CA}"
EndProject
Project("{00D1A9C2-B5F0-4AF3-8072-F6C62B433612}") = "WebApp.Database", "src\WebApp.Database\WebApp.Database.sqlproj", "{1BAEDE64-474D-4BE0-B2DF-1AD5B556465A}"
EndProject
Project("{2150E333-8FDC-42A3-9474-1A3956D46DE8}") = "04_Functions", "04_Functions", "{C317D26A-EB80-4545-B939-B68E1D3DF14F}"
EndProject
Project("{9A19103F-16F7-4668-BE54-9A1E7A4F7556}") = "WebApp.Messaging", "src\WebApp.Messaging\WebApp.Messaging.csproj", "{4A8632F8-7BD7-4A52-B4BD-67B5E727F267}"
EndProject
Project("{9A19103F-16F7-4668-BE54-9A1E7A4F7556}") = "WebApp.MediaHandler", "src\WebApp.MediaHandler\WebApp.MediaHandler.csproj", "{2B4C0FDA-EA8F-4A0D-9AC0-2F0A56DD988E}"
EndProject
Project("{2150E333-8FDC-42A3-9474-1A3956D46DE8}") = "05_Movies", "05_Movies", "{7E6FD7D1-11AE-431B-ACFF-5CE570FA2144}"
EndProject
Project("{9A19103F-16F7-4668-BE54-9A1E7A4F7556}") = "WebApp.Studio", "src\WebApp.Studio\WebApp.Studio.csproj", "{43EF5FE9-7A3C-42E8-B093-9607E0D90E0F}"
EndProject
Global
	GlobalSection(SolutionConfigurationPlatforms) = preSolution
		Debug|Any CPU = Debug|Any CPU
		Release|Any CPU = Release|Any CPU
	EndGlobalSection
	GlobalSection(ProjectConfigurationPlatforms) = postSolution
		{525E317D-7F7B-44A6-921C-E36D194E656C}.Debug|Any CPU.ActiveCfg = Debug|Any CPU
		{525E317D-7F7B-44A6-921C-E36D194E656C}.Debug|Any CPU.Build.0 = Debug|Any CPU
		{525E317D-7F7B-44A6-921C-E36D194E656C}.Release|Any CPU.ActiveCfg = Release|Any CPU
		{525E317D-7F7B-44A6-921C-E36D194E656C}.Release|Any CPU.Build.0 = Release|Any CPU
		{CBCBFD4F-44C3-4253-A8CF-2445EDEFBC8A}.Debug|Any CPU.ActiveCfg = Debug|Any CPU
		{CBCBFD4F-44C3-4253-A8CF-2445EDEFBC8A}.Debug|Any CPU.Build.0 = Debug|Any CPU
		{CBCBFD4F-44C3-4253-A8CF-2445EDEFBC8A}.Release|Any CPU.ActiveCfg = Release|Any CPU
		{CBCBFD4F-44C3-4253-A8CF-2445EDEFBC8A}.Release|Any CPU.Build.0 = Release|Any CPU
		{50406A32-5E82-4AF0-A562-0C9B32464A12}.Debug|Any CPU.ActiveCfg = Debug|Any CPU
		{50406A32-5E82-4AF0-A562-0C9B32464A12}.Debug|Any CPU.Build.0 = Debug|Any CPU
		{50406A32-5E82-4AF0-A562-0C9B32464A12}.Release|Any CPU.ActiveCfg = Release|Any CPU
		{50406A32-5E82-4AF0-A562-0C9B32464A12}.Release|Any CPU.Build.0 = Release|Any CPU
		{72C3F51E-FD9F-46D4-BDF4-39A922B31092}.Debug|Any CPU.ActiveCfg = Debug|Any CPU
		{72C3F51E-FD9F-46D4-BDF4-39A922B31092}.Debug|Any CPU.Build.0 = Debug|Any CPU
		{72C3F51E-FD9F-46D4-BDF4-39A922B31092}.Release|Any CPU.ActiveCfg = Release|Any CPU
		{72C3F51E-FD9F-46D4-BDF4-39A922B31092}.Release|Any CPU.Build.0 = Release|Any CPU
		{D55CEFFA-ACD0-4046-8EC7-0A8BA4FA90D7}.Debug|Any CPU.ActiveCfg = Debug|Any CPU
		{D55CEFFA-ACD0-4046-8EC7-0A8BA4FA90D7}.Debug|Any CPU.Build.0 = Debug|Any CPU
		{D55CEFFA-ACD0-4046-8EC7-0A8BA4FA90D7}.Release|Any CPU.ActiveCfg = Release|Any CPU
		{D55CEFFA-ACD0-4046-8EC7-0A8BA4FA90D7}.Release|Any CPU.Build.0 = Release|Any CPU
		{00038AB1-0901-4CED-A5BC-DA05BA0B56C0}.Debug|Any CPU.ActiveCfg = Debug|Any CPU
		{00038AB1-0901-4CED-A5BC-DA05BA0B56C0}.Debug|Any CPU.Build.0 = Debug|Any CPU
		{00038AB1-0901-4CED-A5BC-DA05BA0B56C0}.Release|Any CPU.ActiveCfg = Release|Any CPU
		{00038AB1-0901-4CED-A5BC-DA05BA0B56C0}.Release|Any CPU.Build.0 = Release|Any CPU
		{69210EAD-726F-4E69-82F1-6EBF70B10B0C}.Debug|Any CPU.ActiveCfg = Debug|Any CPU
		{69210EAD-726F-4E69-82F1-6EBF70B10B0C}.Debug|Any CPU.Build.0 = Debug|Any CPU
		{69210EAD-726F-4E69-82F1-6EBF70B10B0C}.Release|Any CPU.ActiveCfg = Release|Any CPU
		{69210EAD-726F-4E69-82F1-6EBF70B10B0C}.Release|Any CPU.Build.0 = Release|Any CPU
		{3A284E63-A6D5-4564-8253-7819680EDD46}.Debug|Any CPU.ActiveCfg = Debug|Any CPU
		{3A284E63-A6D5-4564-8253-7819680EDD46}.Debug|Any CPU.Build.0 = Debug|Any CPU
		{3A284E63-A6D5-4564-8253-7819680EDD46}.Release|Any CPU.ActiveCfg = Release|Any CPU
		{3A284E63-A6D5-4564-8253-7819680EDD46}.Release|Any CPU.Build.0 = Release|Any CPU
		{D39A21D0-8C8E-4FAA-B623-D1C42A3939D2}.Debug|Any CPU.ActiveCfg = Debug|Any CPU
		{D39A21D0-8C8E-4FAA-B623-D1C42A3939D2}.Debug|Any CPU.Build.0 = Debug|Any CPU
		{D39A21D0-8C8E-4FAA-B623-D1C42A3939D2}.Release|Any CPU.ActiveCfg = Release|Any CPU
		{D39A21D0-8C8E-4FAA-B623-D1C42A3939D2}.Release|Any CPU.Build.0 = Release|Any CPU
		{BB03F2B7-4830-4EEB-ACE4-0FD3A6E993CA}.Debug|Any CPU.ActiveCfg = Debug|Any CPU
		{BB03F2B7-4830-4EEB-ACE4-0FD3A6E993CA}.Debug|Any CPU.Build.0 = Debug|Any CPU
		{BB03F2B7-4830-4EEB-ACE4-0FD3A6E993CA}.Release|Any CPU.ActiveCfg = Release|Any CPU
		{BB03F2B7-4830-4EEB-ACE4-0FD3A6E993CA}.Release|Any CPU.Build.0 = Release|Any CPU
		{1BAEDE64-474D-4BE0-B2DF-1AD5B556465A}.Debug|Any CPU.ActiveCfg = Debug|Any CPU
		{1BAEDE64-474D-4BE0-B2DF-1AD5B556465A}.Debug|Any CPU.Build.0 = Debug|Any CPU
		{1BAEDE64-474D-4BE0-B2DF-1AD5B556465A}.Debug|Any CPU.Deploy.0 = Debug|Any CPU
		{1BAEDE64-474D-4BE0-B2DF-1AD5B556465A}.Release|Any CPU.ActiveCfg = Release|Any CPU
		{1BAEDE64-474D-4BE0-B2DF-1AD5B556465A}.Release|Any CPU.Build.0 = Release|Any CPU
		{1BAEDE64-474D-4BE0-B2DF-1AD5B556465A}.Release|Any CPU.Deploy.0 = Release|Any CPU
		{4A8632F8-7BD7-4A52-B4BD-67B5E727F267}.Debug|Any CPU.ActiveCfg = Debug|Any CPU
		{4A8632F8-7BD7-4A52-B4BD-67B5E727F267}.Debug|Any CPU.Build.0 = Debug|Any CPU
		{4A8632F8-7BD7-4A52-B4BD-67B5E727F267}.Release|Any CPU.ActiveCfg = Release|Any CPU
		{4A8632F8-7BD7-4A52-B4BD-67B5E727F267}.Release|Any CPU.Build.0 = Release|Any CPU
		{2B4C0FDA-EA8F-4A0D-9AC0-2F0A56DD988E}.Debug|Any CPU.ActiveCfg = Debug|Any CPU
		{2B4C0FDA-EA8F-4A0D-9AC0-2F0A56DD988E}.Debug|Any CPU.Build.0 = Debug|Any CPU
		{2B4C0FDA-EA8F-4A0D-9AC0-2F0A56DD988E}.Release|Any CPU.ActiveCfg = Release|Any CPU
		{2B4C0FDA-EA8F-4A0D-9AC0-2F0A56DD988E}.Release|Any CPU.Build.0 = Release|Any CPU
		{43EF5FE9-7A3C-42E8-B093-9607E0D90E0F}.Debug|Any CPU.ActiveCfg = Debug|Any CPU
		{43EF5FE9-7A3C-42E8-B093-9607E0D90E0F}.Debug|Any CPU.Build.0 = Debug|Any CPU
		{43EF5FE9-7A3C-42E8-B093-9607E0D90E0F}.Release|Any CPU.ActiveCfg = Release|Any CPU
		{43EF5FE9-7A3C-42E8-B093-9607E0D90E0F}.Release|Any CPU.Build.0 = Release|Any CPU
	EndGlobalSection
	GlobalSection(SolutionProperties) = preSolution
		HideSolutionNode = FALSE
	EndGlobalSection
	GlobalSection(NestedProjects) = preSolution
		{525E317D-7F7B-44A6-921C-E36D194E656C} = {33C853DA-20F7-4700-AD78-0982534F755A}
		{CBCBFD4F-44C3-4253-A8CF-2445EDEFBC8A} = {B151678C-B288-4C22-A85E-62924709CEE8}
		{50406A32-5E82-4AF0-A562-0C9B32464A12} = {9B51CC1B-5504-4DF7-AC43-D54CC99A8DA4}
		{72C3F51E-FD9F-46D4-BDF4-39A922B31092} = {D57DB274-9BC4-4D5E-8DEC-A1F83E122B71}
		{D55CEFFA-ACD0-4046-8EC7-0A8BA4FA90D7} = {D57DB274-9BC4-4D5E-8DEC-A1F83E122B71}
		{00038AB1-0901-4CED-A5BC-DA05BA0B56C0} = {B151678C-B288-4C22-A85E-62924709CEE8}
		{69210EAD-726F-4E69-82F1-6EBF70B10B0C} = {D57DB274-9BC4-4D5E-8DEC-A1F83E122B71}
		{3A284E63-A6D5-4564-8253-7819680EDD46} = {D57DB274-9BC4-4D5E-8DEC-A1F83E122B71}
		{D39A21D0-8C8E-4FAA-B623-D1C42A3939D2} = {D57DB274-9BC4-4D5E-8DEC-A1F83E122B71}
		{BB03F2B7-4830-4EEB-ACE4-0FD3A6E993CA} = {D57DB274-9BC4-4D5E-8DEC-A1F83E122B71}
		{1BAEDE64-474D-4BE0-B2DF-1AD5B556465A} = {B151678C-B288-4C22-A85E-62924709CEE8}
		{4A8632F8-7BD7-4A52-B4BD-67B5E727F267} = {C317D26A-EB80-4545-B939-B68E1D3DF14F}
		{2B4C0FDA-EA8F-4A0D-9AC0-2F0A56DD988E} = {C317D26A-EB80-4545-B939-B68E1D3DF14F}
		{43EF5FE9-7A3C-42E8-B093-9607E0D90E0F} = {7E6FD7D1-11AE-431B-ACFF-5CE570FA2144}
	EndGlobalSection
	GlobalSection(ExtensibilityGlobals) = postSolution
		SolutionGuid = {E60D3C3C-4B8B-4025-B39F-79907620312C}
	EndGlobalSection
EndGlobal
